// !$*UTF8*$!
{
	archiveVersion = 1;
	classes = {
	};
	objectVersion = 48;
	objects = {

/* Begin PBXBuildFile section */
		7E6556871FAED22100DDE709 /* AppDelegate.m in Sources */ = {isa = PBXBuildFile; fileRef = 7E6556861FAED22100DDE709 /* AppDelegate.m */; };
		7E65568F1FAED22100DDE709 /* Assets.xcassets in Resources */ = {isa = PBXBuildFile; fileRef = 7E65568E1FAED22100DDE709 /* Assets.xcassets */; };
		7E6556921FAED22100DDE709 /* LaunchScreen.storyboard in Resources */ = {isa = PBXBuildFile; fileRef = 7E6556901FAED22100DDE709 /* LaunchScreen.storyboard */; };
		7E6556951FAED22100DDE709 /* main.m in Sources */ = {isa = PBXBuildFile; fileRef = 7E6556941FAED22100DDE709 /* main.m */; };
		7E65569F1FAED22200DDE709 /* TLSurveyJLRoutesTests.m in Sources */ = {isa = PBXBuildFile; fileRef = 7E65569E1FAED22200DDE709 /* TLSurveyJLRoutesTests.m */; };
		7E6556AA1FAED22200DDE709 /* TLSurveyJLRoutesUITests.m in Sources */ = {isa = PBXBuildFile; fileRef = 7E6556A91FAED22200DDE709 /* TLSurveyJLRoutesUITests.m */; };
		7E6556B91FAED5FA00DDE709 /* TLTabBarViewController.m in Sources */ = {isa = PBXBuildFile; fileRef = 7E6556B81FAED5FA00DDE709 /* TLTabBarViewController.m */; };
		7E6556BC1FAED64E00DDE709 /* TLOneViewController.m in Sources */ = {isa = PBXBuildFile; fileRef = 7E6556BB1FAED64E00DDE709 /* TLOneViewController.m */; };
		7E6556BF1FAED65F00DDE709 /* TLTwoViewController.m in Sources */ = {isa = PBXBuildFile; fileRef = 7E6556BE1FAED65F00DDE709 /* TLTwoViewController.m */; };
		7E6556C21FAED66D00DDE709 /* TLThreeViewController.m in Sources */ = {isa = PBXBuildFile; fileRef = 7E6556C11FAED66D00DDE709 /* TLThreeViewController.m */; };
		7E6556D51FAEDA8C00DDE709 /* NSDate+TLExtension.m in Sources */ = {isa = PBXBuildFile; fileRef = 7E6556CA1FAEDA8C00DDE709 /* NSDate+TLExtension.m */; };
		7E6556D61FAEDA8C00DDE709 /* NSDateFormatter+TLExtension.m in Sources */ = {isa = PBXBuildFile; fileRef = 7E6556CC1FAEDA8C00DDE709 /* NSDateFormatter+TLExtension.m */; };
		7E6556D71FAEDA8C00DDE709 /* NSObject+TLExtension.m in Sources */ = {isa = PBXBuildFile; fileRef = 7E6556CE1FAEDA8C00DDE709 /* NSObject+TLExtension.m */; };
		7E6556D81FAEDA8C00DDE709 /* UIBarButtonItem+TLExtension.m in Sources */ = {isa = PBXBuildFile; fileRef = 7E6556D01FAEDA8C00DDE709 /* UIBarButtonItem+TLExtension.m */; };
		7E6556D91FAEDA8C00DDE709 /* UIImage+TLExtension.m in Sources */ = {isa = PBXBuildFile; fileRef = 7E6556D21FAEDA8C00DDE709 /* UIImage+TLExtension.m */; };
		7E6556DA1FAEDA8C00DDE709 /* UIView+TLExtension.m in Sources */ = {isa = PBXBuildFile; fileRef = 7E6556D41FAEDA8C00DDE709 /* UIView+TLExtension.m */; };
		7E6556E31FAEDFDF00DDE709 /* TLNavigationController.m in Sources */ = {isa = PBXBuildFile; fileRef = 7E6556E11FAEDFDF00DDE709 /* TLNavigationController.m */; };
		7E6556E61FAEE4F700DDE709 /* TLOneNextViewController.m in Sources */ = {isa = PBXBuildFile; fileRef = 7E6556E51FAEE4F700DDE709 /* TLOneNextViewController.m */; };
		7E6556E91FAEE50600DDE709 /* TLTwoNextViewController.m in Sources */ = {isa = PBXBuildFile; fileRef = 7E6556E81FAEE50600DDE709 /* TLTwoNextViewController.m */; };
		7E6556EC1FAEE51400DDE709 /* TLThreeNextViewController.m in Sources */ = {isa = PBXBuildFile; fileRef = 7E6556EB1FAEE51400DDE709 /* TLThreeNextViewController.m */; };
		B66D5F27B28375AD07A15384 /* Pods_TLSurveyJLRoutes.framework in Frameworks */ = {isa = PBXBuildFile; fileRef = CE9BB23388933C6ABD6780C4 /* Pods_TLSurveyJLRoutes.framework */; };
/* End PBXBuildFile section */

/* Begin PBXContainerItemProxy section */
		7E65569B1FAED22200DDE709 /* PBXContainerItemProxy */ = {
			isa = PBXContainerItemProxy;
			containerPortal = 7E65567A1FAED22100DDE709 /* Project object */;
			proxyType = 1;
			remoteGlobalIDString = 7E6556811FAED22100DDE709;
			remoteInfo = TLSurveyJLRoutes;
		};
		7E6556A61FAED22200DDE709 /* PBXContainerItemProxy */ = {
			isa = PBXContainerItemProxy;
			containerPortal = 7E65567A1FAED22100DDE709 /* Project object */;
			proxyType = 1;
			remoteGlobalIDString = 7E6556811FAED22100DDE709;
			remoteInfo = TLSurveyJLRoutes;
		};
/* End PBXContainerItemProxy section */

/* Begin PBXFileReference section */
		6E5B286CE592C5E368EEAC3B /* Pods-TLSurveyJLRoutes.debug.xcconfig */ = {isa = PBXFileReference; includeInIndex = 1; lastKnownFileType = text.xcconfig; name = "Pods-TLSurveyJLRoutes.debug.xcconfig"; path = "Pods/Target Support Files/Pods-TLSurveyJLRoutes/Pods-TLSurveyJLRoutes.debug.xcconfig"; sourceTree = "<group>"; };
		78D38AF50E381D9A10C6AB36 /* Pods-TLSurveyJLRoutes.release.xcconfig */ = {isa = PBXFileReference; includeInIndex = 1; lastKnownFileType = text.xcconfig; name = "Pods-TLSurveyJLRoutes.release.xcconfig"; path = "Pods/Target Support Files/Pods-TLSurveyJLRoutes/Pods-TLSurveyJLRoutes.release.xcconfig"; sourceTree = "<group>"; };
		7E6556821FAED22100DDE709 /* TLSurveyJLRoutes.app */ = {isa = PBXFileReference; explicitFileType = wrapper.application; includeInIndex = 0; path = TLSurveyJLRoutes.app; sourceTree = BUILT_PRODUCTS_DIR; };
		7E6556851FAED22100DDE709 /* AppDelegate.h */ = {isa = PBXFileReference; lastKnownFileType = sourcecode.c.h; path = AppDelegate.h; sourceTree = "<group>"; };
		7E6556861FAED22100DDE709 /* AppDelegate.m */ = {isa = PBXFileReference; lastKnownFileType = sourcecode.c.objc; path = AppDelegate.m; sourceTree = "<group>"; };
		7E65568E1FAED22100DDE709 /* Assets.xcassets */ = {isa = PBXFileReference; lastKnownFileType = folder.assetcatalog; path = Assets.xcassets; sourceTree = "<group>"; };
		7E6556911FAED22100DDE709 /* Base */ = {isa = PBXFileReference; lastKnownFileType = file.storyboard; name = Base; path = Base.lproj/LaunchScreen.storyboard; sourceTree = "<group>"; };
		7E6556931FAED22100DDE709 /* Info.plist */ = {isa = PBXFileReference; lastKnownFileType = text.plist.xml; path = Info.plist; sourceTree = "<group>"; };
		7E6556941FAED22100DDE709 /* main.m */ = {isa = PBXFileReference; lastKnownFileType = sourcecode.c.objc; path = main.m; sourceTree = "<group>"; };
		7E65569A1FAED22200DDE709 /* TLSurveyJLRoutesTests.xctest */ = {isa = PBXFileReference; explicitFileType = wrapper.cfbundle; includeInIndex = 0; path = TLSurveyJLRoutesTests.xctest; sourceTree = BUILT_PRODUCTS_DIR; };
		7E65569E1FAED22200DDE709 /* TLSurveyJLRoutesTests.m */ = {isa = PBXFileReference; lastKnownFileType = sourcecode.c.objc; path = TLSurveyJLRoutesTests.m; sourceTree = "<group>"; };
		7E6556A01FAED22200DDE709 /* Info.plist */ = {isa = PBXFileReference; lastKnownFileType = text.plist.xml; path = Info.plist; sourceTree = "<group>"; };
		7E6556A51FAED22200DDE709 /* TLSurveyJLRoutesUITests.xctest */ = {isa = PBXFileReference; explicitFileType = wrapper.cfbundle; includeInIndex = 0; path = TLSurveyJLRoutesUITests.xctest; sourceTree = BUILT_PRODUCTS_DIR; };
		7E6556A91FAED22200DDE709 /* TLSurveyJLRoutesUITests.m */ = {isa = PBXFileReference; lastKnownFileType = sourcecode.c.objc; path = TLSurveyJLRoutesUITests.m; sourceTree = "<group>"; };
		7E6556AB1FAED22200DDE709 /* Info.plist */ = {isa = PBXFileReference; lastKnownFileType = text.plist.xml; path = Info.plist; sourceTree = "<group>"; };
		7E6556B71FAED5FA00DDE709 /* TLTabBarViewController.h */ = {isa = PBXFileReference; lastKnownFileType = sourcecode.c.h; path = TLTabBarViewController.h; sourceTree = "<group>"; };
		7E6556B81FAED5FA00DDE709 /* TLTabBarViewController.m */ = {isa = PBXFileReference; lastKnownFileType = sourcecode.c.objc; path = TLTabBarViewController.m; sourceTree = "<group>"; };
		7E6556BA1FAED64E00DDE709 /* TLOneViewController.h */ = {isa = PBXFileReference; lastKnownFileType = sourcecode.c.h; path = TLOneViewController.h; sourceTree = "<group>"; };
		7E6556BB1FAED64E00DDE709 /* TLOneViewController.m */ = {isa = PBXFileReference; lastKnownFileType = sourcecode.c.objc; path = TLOneViewController.m; sourceTree = "<group>"; };
		7E6556BD1FAED65F00DDE709 /* TLTwoViewController.h */ = {isa = PBXFileReference; lastKnownFileType = sourcecode.c.h; path = TLTwoViewController.h; sourceTree = "<group>"; };
		7E6556BE1FAED65F00DDE709 /* TLTwoViewController.m */ = {isa = PBXFileReference; lastKnownFileType = sourcecode.c.objc; path = TLTwoViewController.m; sourceTree = "<group>"; };
		7E6556C01FAED66D00DDE709 /* TLThreeViewController.h */ = {isa = PBXFileReference; lastKnownFileType = sourcecode.c.h; path = TLThreeViewController.h; sourceTree = "<group>"; };
		7E6556C11FAED66D00DDE709 /* TLThreeViewController.m */ = {isa = PBXFileReference; lastKnownFileType = sourcecode.c.objc; path = TLThreeViewController.m; sourceTree = "<group>"; };
		7E6556C41FAEDA8C00DDE709 /* TLConst.h */ = {isa = PBXFileReference; fileEncoding = 4; lastKnownFileType = sourcecode.c.h; path = TLConst.h; sourceTree = "<group>"; };
		7E6556C51FAEDA8C00DDE709 /* TLHeaderFile.h */ = {isa = PBXFileReference; fileEncoding = 4; lastKnownFileType = sourcecode.c.h; path = TLHeaderFile.h; sourceTree = "<group>"; };
		7E6556C61FAEDA8C00DDE709 /* TLMacroTool.h */ = {isa = PBXFileReference; fileEncoding = 4; lastKnownFileType = sourcecode.c.h; path = TLMacroTool.h; sourceTree = "<group>"; };
		7E6556C71FAEDA8C00DDE709 /* TLSurveyJLRoutes-Prefix.pch */ = {isa = PBXFileReference; fileEncoding = 4; lastKnownFileType = sourcecode.c.h; path = "TLSurveyJLRoutes-Prefix.pch"; sourceTree = "<group>"; };
		7E6556C91FAEDA8C00DDE709 /* NSDate+TLExtension.h */ = {isa = PBXFileReference; fileEncoding = 4; lastKnownFileType = sourcecode.c.h; path = "NSDate+TLExtension.h"; sourceTree = "<group>"; };
		7E6556CA1FAEDA8C00DDE709 /* NSDate+TLExtension.m */ = {isa = PBXFileReference; fileEncoding = 4; lastKnownFileType = sourcecode.c.objc; path = "NSDate+TLExtension.m"; sourceTree = "<group>"; };
		7E6556CB1FAEDA8C00DDE709 /* NSDateFormatter+TLExtension.h */ = {isa = PBXFileReference; fileEncoding = 4; lastKnownFileType = sourcecode.c.h; path = "NSDateFormatter+TLExtension.h"; sourceTree = "<group>"; };
		7E6556CC1FAEDA8C00DDE709 /* NSDateFormatter+TLExtension.m */ = {isa = PBXFileReference; fileEncoding = 4; lastKnownFileType = sourcecode.c.objc; path = "NSDateFormatter+TLExtension.m"; sourceTree = "<group>"; };
		7E6556CD1FAEDA8C00DDE709 /* NSObject+TLExtension.h */ = {isa = PBXFileReference; fileEncoding = 4; lastKnownFileType = sourcecode.c.h; path = "NSObject+TLExtension.h"; sourceTree = "<group>"; };
		7E6556CE1FAEDA8C00DDE709 /* NSObject+TLExtension.m */ = {isa = PBXFileReference; fileEncoding = 4; lastKnownFileType = sourcecode.c.objc; path = "NSObject+TLExtension.m"; sourceTree = "<group>"; };
		7E6556CF1FAEDA8C00DDE709 /* UIBarButtonItem+TLExtension.h */ = {isa = PBXFileReference; fileEncoding = 4; lastKnownFileType = sourcecode.c.h; path = "UIBarButtonItem+TLExtension.h"; sourceTree = "<group>"; };
		7E6556D01FAEDA8C00DDE709 /* UIBarButtonItem+TLExtension.m */ = {isa = PBXFileReference; fileEncoding = 4; lastKnownFileType = sourcecode.c.objc; path = "UIBarButtonItem+TLExtension.m"; sourceTree = "<group>"; };
		7E6556D11FAEDA8C00DDE709 /* UIImage+TLExtension.h */ = {isa = PBXFileReference; fileEncoding = 4; lastKnownFileType = sourcecode.c.h; path = "UIImage+TLExtension.h"; sourceTree = "<group>"; };
		7E6556D21FAEDA8C00DDE709 /* UIImage+TLExtension.m */ = {isa = PBXFileReference; fileEncoding = 4; lastKnownFileType = sourcecode.c.objc; path = "UIImage+TLExtension.m"; sourceTree = "<group>"; };
		7E6556D31FAEDA8C00DDE709 /* UIView+TLExtension.h */ = {isa = PBXFileReference; fileEncoding = 4; lastKnownFileType = sourcecode.c.h; path = "UIView+TLExtension.h"; sourceTree = "<group>"; };
		7E6556D41FAEDA8C00DDE709 /* UIView+TLExtension.m */ = {isa = PBXFileReference; fileEncoding = 4; lastKnownFileType = sourcecode.c.objc; path = "UIView+TLExtension.m"; sourceTree = "<group>"; };
		7E6556E11FAEDFDF00DDE709 /* TLNavigationController.m */ = {isa = PBXFileReference; fileEncoding = 4; lastKnownFileType = sourcecode.c.objc; path = TLNavigationController.m; sourceTree = "<group>"; };
		7E6556E21FAEDFDF00DDE709 /* TLNavigationController.h */ = {isa = PBXFileReference; fileEncoding = 4; lastKnownFileType = sourcecode.c.h; path = TLNavigationController.h; sourceTree = "<group>"; };
		7E6556E41FAEE4F700DDE709 /* TLOneNextViewController.h */ = {isa = PBXFileReference; lastKnownFileType = sourcecode.c.h; path = TLOneNextViewController.h; sourceTree = "<group>"; };
		7E6556E51FAEE4F700DDE709 /* TLOneNextViewController.m */ = {isa = PBXFileReference; lastKnownFileType = sourcecode.c.objc; path = TLOneNextViewController.m; sourceTree = "<group>"; };
		7E6556E71FAEE50600DDE709 /* TLTwoNextViewController.h */ = {isa = PBXFileReference; lastKnownFileType = sourcecode.c.h; path = TLTwoNextViewController.h; sourceTree = "<group>"; };
		7E6556E81FAEE50600DDE709 /* TLTwoNextViewController.m */ = {isa = PBXFileReference; lastKnownFileType = sourcecode.c.objc; path = TLTwoNextViewController.m; sourceTree = "<group>"; };
		7E6556EA1FAEE51400DDE709 /* TLThreeNextViewController.h */ = {isa = PBXFileReference; lastKnownFileType = sourcecode.c.h; path = TLThreeNextViewController.h; sourceTree = "<group>"; };
		7E6556EB1FAEE51400DDE709 /* TLThreeNextViewController.m */ = {isa = PBXFileReference; lastKnownFileType = sourcecode.c.objc; path = TLThreeNextViewController.m; sourceTree = "<group>"; };
		CE9BB23388933C6ABD6780C4 /* Pods_TLSurveyJLRoutes.framework */ = {isa = PBXFileReference; explicitFileType = wrapper.framework; includeInIndex = 0; path = Pods_TLSurveyJLRoutes.framework; sourceTree = BUILT_PRODUCTS_DIR; };
/* End PBXFileReference section */

/* Begin PBXFrameworksBuildPhase section */
		7E65567F1FAED22100DDE709 /* Frameworks */ = {
			isa = PBXFrameworksBuildPhase;
			buildActionMask = 2147483647;
			files = (
				B66D5F27B28375AD07A15384 /* Pods_TLSurveyJLRoutes.framework in Frameworks */,
			);
			runOnlyForDeploymentPostprocessing = 0;
		};
		7E6556971FAED22200DDE709 /* Frameworks */ = {
			isa = PBXFrameworksBuildPhase;
			buildActionMask = 2147483647;
			files = (
			);
			runOnlyForDeploymentPostprocessing = 0;
		};
		7E6556A21FAED22200DDE709 /* Frameworks */ = {
			isa = PBXFrameworksBuildPhase;
			buildActionMask = 2147483647;
			files = (
			);
			runOnlyForDeploymentPostprocessing = 0;
		};
/* End PBXFrameworksBuildPhase section */

/* Begin PBXGroup section */
		625FFD80DC5FCB8C567A2236 /* Frameworks */ = {
			isa = PBXGroup;
			children = (
				CE9BB23388933C6ABD6780C4 /* Pods_TLSurveyJLRoutes.framework */,
			);
			name = Frameworks;
			sourceTree = "<group>";
		};
		7E6556791FAED22100DDE709 = {
			isa = PBXGroup;
			children = (
				7E6556841FAED22100DDE709 /* TLSurveyJLRoutes */,
				7E65569D1FAED22200DDE709 /* TLSurveyJLRoutesTests */,
				7E6556A81FAED22200DDE709 /* TLSurveyJLRoutesUITests */,
				7E6556831FAED22100DDE709 /* Products */,
				A3967A669AE9BAF88CD7E36E /* Pods */,
				625FFD80DC5FCB8C567A2236 /* Frameworks */,
			);
			sourceTree = "<group>";
		};
		7E6556831FAED22100DDE709 /* Products */ = {
			isa = PBXGroup;
			children = (
				7E6556821FAED22100DDE709 /* TLSurveyJLRoutes.app */,
				7E65569A1FAED22200DDE709 /* TLSurveyJLRoutesTests.xctest */,
				7E6556A51FAED22200DDE709 /* TLSurveyJLRoutesUITests.xctest */,
			);
			name = Products;
			sourceTree = "<group>";
		};
		7E6556841FAED22100DDE709 /* TLSurveyJLRoutes */ = {
			isa = PBXGroup;
			children = (
				7E6556DC1FAEDD2300DDE709 /* Modules */,
				7E6556DB1FAEDBB700DDE709 /* Application */,
				7E6556C81FAEDA8C00DDE709 /* TLCategory */,
				7E6556C31FAEDA8C00DDE709 /* TLPrefix */,
			);
			path = TLSurveyJLRoutes;
			sourceTree = "<group>";
		};
		7E65569D1FAED22200DDE709 /* TLSurveyJLRoutesTests */ = {
			isa = PBXGroup;
			children = (
				7E65569E1FAED22200DDE709 /* TLSurveyJLRoutesTests.m */,
				7E6556A01FAED22200DDE709 /* Info.plist */,
			);
			path = TLSurveyJLRoutesTests;
			sourceTree = "<group>";
		};
		7E6556A81FAED22200DDE709 /* TLSurveyJLRoutesUITests */ = {
			isa = PBXGroup;
			children = (
				7E6556A91FAED22200DDE709 /* TLSurveyJLRoutesUITests.m */,
				7E6556AB1FAED22200DDE709 /* Info.plist */,
			);
			path = TLSurveyJLRoutesUITests;
			sourceTree = "<group>";
		};
		7E6556C31FAEDA8C00DDE709 /* TLPrefix */ = {
			isa = PBXGroup;
			children = (
				7E6556C41FAEDA8C00DDE709 /* TLConst.h */,
				7E6556C51FAEDA8C00DDE709 /* TLHeaderFile.h */,
				7E6556C61FAEDA8C00DDE709 /* TLMacroTool.h */,
				7E6556C71FAEDA8C00DDE709 /* TLSurveyJLRoutes-Prefix.pch */,
			);
			path = TLPrefix;
			sourceTree = "<group>";
		};
		7E6556C81FAEDA8C00DDE709 /* TLCategory */ = {
			isa = PBXGroup;
			children = (
				7E6556C91FAEDA8C00DDE709 /* NSDate+TLExtension.h */,
				7E6556CA1FAEDA8C00DDE709 /* NSDate+TLExtension.m */,
				7E6556CB1FAEDA8C00DDE709 /* NSDateFormatter+TLExtension.h */,
				7E6556CC1FAEDA8C00DDE709 /* NSDateFormatter+TLExtension.m */,
				7E6556CD1FAEDA8C00DDE709 /* NSObject+TLExtension.h */,
				7E6556CE1FAEDA8C00DDE709 /* NSObject+TLExtension.m */,
				7E6556CF1FAEDA8C00DDE709 /* UIBarButtonItem+TLExtension.h */,
				7E6556D01FAEDA8C00DDE709 /* UIBarButtonItem+TLExtension.m */,
				7E6556D11FAEDA8C00DDE709 /* UIImage+TLExtension.h */,
				7E6556D21FAEDA8C00DDE709 /* UIImage+TLExtension.m */,
				7E6556D31FAEDA8C00DDE709 /* UIView+TLExtension.h */,
				7E6556D41FAEDA8C00DDE709 /* UIView+TLExtension.m */,
			);
			path = TLCategory;
			sourceTree = "<group>";
		};
		7E6556DB1FAEDBB700DDE709 /* Application */ = {
			isa = PBXGroup;
			children = (
				7E6556851FAED22100DDE709 /* AppDelegate.h */,
				7E6556861FAED22100DDE709 /* AppDelegate.m */,
				7E65568E1FAED22100DDE709 /* Assets.xcassets */,
				7E6556901FAED22100DDE709 /* LaunchScreen.storyboard */,
				7E6556931FAED22100DDE709 /* Info.plist */,
				7E6556941FAED22100DDE709 /* main.m */,
			);
			path = Application;
			sourceTree = "<group>";
		};
		7E6556DC1FAEDD2300DDE709 /* Modules */ = {
			isa = PBXGroup;
			children = (
				7E6556E01FAEDD5100DDE709 /* Base */,
				7E6556DD1FAEDD2300DDE709 /* One */,
				7E6556DF1FAEDD2300DDE709 /* Two */,
				7E6556DE1FAEDD2300DDE709 /* Three */,
			);
			path = Modules;
			sourceTree = "<group>";
		};
		7E6556DD1FAEDD2300DDE709 /* One */ = {
			isa = PBXGroup;
			children = (
				7E6556BA1FAED64E00DDE709 /* TLOneViewController.h */,
				7E6556BB1FAED64E00DDE709 /* TLOneViewController.m */,
				7E6556E41FAEE4F700DDE709 /* TLOneNextViewController.h */,
				7E6556E51FAEE4F700DDE709 /* TLOneNextViewController.m */,
			);
			path = One;
			sourceTree = "<group>";
		};
		7E6556DE1FAEDD2300DDE709 /* Three */ = {
			isa = PBXGroup;
			children = (
				7E6556C01FAED66D00DDE709 /* TLThreeViewController.h */,
				7E6556C11FAED66D00DDE709 /* TLThreeViewController.m */,
				7E6556EA1FAEE51400DDE709 /* TLThreeNextViewController.h */,
				7E6556EB1FAEE51400DDE709 /* TLThreeNextViewController.m */,
			);
			path = Three;
			sourceTree = "<group>";
		};
		7E6556DF1FAEDD2300DDE709 /* Two */ = {
			isa = PBXGroup;
			children = (
				7E6556BD1FAED65F00DDE709 /* TLTwoViewController.h */,
				7E6556BE1FAED65F00DDE709 /* TLTwoViewController.m */,
				7E6556E71FAEE50600DDE709 /* TLTwoNextViewController.h */,
				7E6556E81FAEE50600DDE709 /* TLTwoNextViewController.m */,
			);
			path = Two;
			sourceTree = "<group>";
		};
		7E6556E01FAEDD5100DDE709 /* Base */ = {
			isa = PBXGroup;
			children = (
				7E6556E21FAEDFDF00DDE709 /* TLNavigationController.h */,
				7E6556E11FAEDFDF00DDE709 /* TLNavigationController.m */,
				7E6556B71FAED5FA00DDE709 /* TLTabBarViewController.h */,
				7E6556B81FAED5FA00DDE709 /* TLTabBarViewController.m */,
			);
			path = Base;
			sourceTree = "<group>";
		};
		A3967A669AE9BAF88CD7E36E /* Pods */ = {
			isa = PBXGroup;
			children = (
				6E5B286CE592C5E368EEAC3B /* Pods-TLSurveyJLRoutes.debug.xcconfig */,
				78D38AF50E381D9A10C6AB36 /* Pods-TLSurveyJLRoutes.release.xcconfig */,
			);
			name = Pods;
			sourceTree = "<group>";
		};
/* End PBXGroup section */

/* Begin PBXNativeTarget section */
		7E6556811FAED22100DDE709 /* TLSurveyJLRoutes */ = {
			isa = PBXNativeTarget;
			buildConfigurationList = 7E6556AE1FAED22200DDE709 /* Build configuration list for PBXNativeTarget "TLSurveyJLRoutes" */;
			buildPhases = (
				1BC2990B42B88D76D567B5F0 /* [CP] Check Pods Manifest.lock */,
				7E65567E1FAED22100DDE709 /* Sources */,
				7E65567F1FAED22100DDE709 /* Frameworks */,
				7E6556801FAED22100DDE709 /* Resources */,
				E40168C11EA12640EBC1547E /* [CP] Embed Pods Frameworks */,
				7C05A6ADF3D784B19CE4E238 /* [CP] Copy Pods Resources */,
			);
			buildRules = (
			);
			dependencies = (
			);
			name = TLSurveyJLRoutes;
			productName = TLSurveyJLRoutes;
			productReference = 7E6556821FAED22100DDE709 /* TLSurveyJLRoutes.app */;
			productType = "com.apple.product-type.application";
		};
		7E6556991FAED22200DDE709 /* TLSurveyJLRoutesTests */ = {
			isa = PBXNativeTarget;
			buildConfigurationList = 7E6556B11FAED22200DDE709 /* Build configuration list for PBXNativeTarget "TLSurveyJLRoutesTests" */;
			buildPhases = (
				7E6556961FAED22200DDE709 /* Sources */,
				7E6556971FAED22200DDE709 /* Frameworks */,
				7E6556981FAED22200DDE709 /* Resources */,
			);
			buildRules = (
			);
			dependencies = (
				7E65569C1FAED22200DDE709 /* PBXTargetDependency */,
			);
			name = TLSurveyJLRoutesTests;
			productName = TLSurveyJLRoutesTests;
			productReference = 7E65569A1FAED22200DDE709 /* TLSurveyJLRoutesTests.xctest */;
			productType = "com.apple.product-type.bundle.unit-test";
		};
		7E6556A41FAED22200DDE709 /* TLSurveyJLRoutesUITests */ = {
			isa = PBXNativeTarget;
			buildConfigurationList = 7E6556B41FAED22200DDE709 /* Build configuration list for PBXNativeTarget "TLSurveyJLRoutesUITests" */;
			buildPhases = (
				7E6556A11FAED22200DDE709 /* Sources */,
				7E6556A21FAED22200DDE709 /* Frameworks */,
				7E6556A31FAED22200DDE709 /* Resources */,
			);
			buildRules = (
			);
			dependencies = (
				7E6556A71FAED22200DDE709 /* PBXTargetDependency */,
			);
			name = TLSurveyJLRoutesUITests;
			productName = TLSurveyJLRoutesUITests;
			productReference = 7E6556A51FAED22200DDE709 /* TLSurveyJLRoutesUITests.xctest */;
			productType = "com.apple.product-type.bundle.ui-testing";
		};
/* End PBXNativeTarget section */

/* Begin PBXProject section */
		7E65567A1FAED22100DDE709 /* Project object */ = {
			isa = PBXProject;
			attributes = {
				LastUpgradeCheck = 0900;
				ORGANIZATIONNAME = lichuanjun;
				TargetAttributes = {
					7E6556811FAED22100DDE709 = {
						CreatedOnToolsVersion = 9.0.1;
						ProvisioningStyle = Automatic;
					};
					7E6556991FAED22200DDE709 = {
						CreatedOnToolsVersion = 9.0.1;
						ProvisioningStyle = Automatic;
						TestTargetID = 7E6556811FAED22100DDE709;
					};
					7E6556A41FAED22200DDE709 = {
						CreatedOnToolsVersion = 9.0.1;
						ProvisioningStyle = Automatic;
						TestTargetID = 7E6556811FAED22100DDE709;
					};
				};
			};
			buildConfigurationList = 7E65567D1FAED22100DDE709 /* Build configuration list for PBXProject "TLSurveyJLRoutes" */;
			compatibilityVersion = "Xcode 8.0";
			developmentRegion = en;
			hasScannedForEncodings = 0;
			knownRegions = (
				en,
				Base,
			);
			mainGroup = 7E6556791FAED22100DDE709;
			productRefGroup = 7E6556831FAED22100DDE709 /* Products */;
			projectDirPath = "";
			projectRoot = "";
			targets = (
				7E6556811FAED22100DDE709 /* TLSurveyJLRoutes */,
				7E6556991FAED22200DDE709 /* TLSurveyJLRoutesTests */,
				7E6556A41FAED22200DDE709 /* TLSurveyJLRoutesUITests */,
			);
		};
/* End PBXProject section */

/* Begin PBXResourcesBuildPhase section */
		7E6556801FAED22100DDE709 /* Resources */ = {
			isa = PBXResourcesBuildPhase;
			buildActionMask = 2147483647;
			files = (
				7E6556921FAED22100DDE709 /* LaunchScreen.storyboard in Resources */,
				7E65568F1FAED22100DDE709 /* Assets.xcassets in Resources */,
			);
			runOnlyForDeploymentPostprocessing = 0;
		};
		7E6556981FAED22200DDE709 /* Resources */ = {
			isa = PBXResourcesBuildPhase;
			buildActionMask = 2147483647;
			files = (
			);
			runOnlyForDeploymentPostprocessing = 0;
		};
		7E6556A31FAED22200DDE709 /* Resources */ = {
			isa = PBXResourcesBuildPhase;
			buildActionMask = 2147483647;
			files = (
			);
			runOnlyForDeploymentPostprocessing = 0;
		};
/* End PBXResourcesBuildPhase section */

/* Begin PBXShellScriptBuildPhase section */
		1BC2990B42B88D76D567B5F0 /* [CP] Check Pods Manifest.lock */ = {
			isa = PBXShellScriptBuildPhase;
			buildActionMask = 2147483647;
			files = (
			);
			inputPaths = (
				"${PODS_PODFILE_DIR_PATH}/Podfile.lock",
				"${PODS_ROOT}/Manifest.lock",
			);
			name = "[CP] Check Pods Manifest.lock";
			outputPaths = (
				"$(DERIVED_FILE_DIR)/Pods-TLSurveyJLRoutes-checkManifestLockResult.txt",
			);
			runOnlyForDeploymentPostprocessing = 0;
			shellPath = /bin/sh;
			shellScript = "diff \"${PODS_PODFILE_DIR_PATH}/Podfile.lock\" \"${PODS_ROOT}/Manifest.lock\" > /dev/null\nif [ $? != 0 ] ; then\n    # print error to STDERR\n    echo \"error: The sandbox is not in sync with the Podfile.lock. Run 'pod install' or update your CocoaPods installation.\" >&2\n    exit 1\nfi\n# This output is used by Xcode 'outputs' to avoid re-running this script phase.\necho \"SUCCESS\" > \"${SCRIPT_OUTPUT_FILE_0}\"\n";
			showEnvVarsInLog = 0;
		};
		7C05A6ADF3D784B19CE4E238 /* [CP] Copy Pods Resources */ = {
			isa = PBXShellScriptBuildPhase;
			buildActionMask = 2147483647;
			files = (
			);
			inputPaths = (
			);
			name = "[CP] Copy Pods Resources";
			outputPaths = (
			);
			runOnlyForDeploymentPostprocessing = 0;
			shellPath = /bin/sh;
			shellScript = "\"${SRCROOT}/Pods/Target Support Files/Pods-TLSurveyJLRoutes/Pods-TLSurveyJLRoutes-resources.sh\"\n";
			showEnvVarsInLog = 0;
		};
		E40168C11EA12640EBC1547E /* [CP] Embed Pods Frameworks */ = {
			isa = PBXShellScriptBuildPhase;
			buildActionMask = 2147483647;
			files = (
			);
			inputPaths = (
				"${SRCROOT}/Pods/Target Support Files/Pods-TLSurveyJLRoutes/Pods-TLSurveyJLRoutes-frameworks.sh",
				"${BUILT_PRODUCTS_DIR}/JLRoutes/JLRoutes.framework",
				"${BUILT_PRODUCTS_DIR}/Mantle/Mantle.framework",
				"${BUILT_PRODUCTS_DIR}/Masonry/Masonry.framework",
			);
			name = "[CP] Embed Pods Frameworks";
			outputPaths = (
				"${TARGET_BUILD_DIR}/${FRAMEWORKS_FOLDER_PATH}/JLRoutes.framework",
				"${TARGET_BUILD_DIR}/${FRAMEWORKS_FOLDER_PATH}/Mantle.framework",
				"${TARGET_BUILD_DIR}/${FRAMEWORKS_FOLDER_PATH}/Masonry.framework",
			);
			runOnlyForDeploymentPostprocessing = 0;
			shellPath = /bin/sh;
			shellScript = "\"${SRCROOT}/Pods/Target Support Files/Pods-TLSurveyJLRoutes/Pods-TLSurveyJLRoutes-frameworks.sh\"\n";
			showEnvVarsInLog = 0;
		};
/* End PBXShellScriptBuildPhase section */

/* Begin PBXSourcesBuildPhase section */
		7E65567E1FAED22100DDE709 /* Sources */ = {
			isa = PBXSourcesBuildPhase;
			buildActionMask = 2147483647;
			files = (
				7E6556951FAED22100DDE709 /* main.m in Sources */,
				7E6556B91FAED5FA00DDE709 /* TLTabBarViewController.m in Sources */,
				7E6556BC1FAED64E00DDE709 /* TLOneViewController.m in Sources */,
				7E6556D61FAEDA8C00DDE709 /* NSDateFormatter+TLExtension.m in Sources */,
				7E6556871FAED22100DDE709 /* AppDelegate.m in Sources */,
				7E6556D51FAEDA8C00DDE709 /* NSDate+TLExtension.m in Sources */,
				7E6556D81FAEDA8C00DDE709 /* UIBarButtonItem+TLExtension.m in Sources */,
				7E6556D91FAEDA8C00DDE709 /* UIImage+TLExtension.m in Sources */,
				7E6556DA1FAEDA8C00DDE709 /* UIView+TLExtension.m in Sources */,
				7E6556E31FAEDFDF00DDE709 /* TLNavigationController.m in Sources */,
				7E6556E61FAEE4F700DDE709 /* TLOneNextViewController.m in Sources */,
				7E6556D71FAEDA8C00DDE709 /* NSObject+TLExtension.m in Sources */,
				7E6556EC1FAEE51400DDE709 /* TLThreeNextViewController.m in Sources */,
				7E6556C21FAED66D00DDE709 /* TLThreeViewController.m in Sources */,
				7E6556E91FAEE50600DDE709 /* TLTwoNextViewController.m in Sources */,
				7E6556BF1FAED65F00DDE709 /* TLTwoViewController.m in Sources */,
			);
			runOnlyForDeploymentPostprocessing = 0;
		};
		7E6556961FAED22200DDE709 /* Sources */ = {
			isa = PBXSourcesBuildPhase;
			buildActionMask = 2147483647;
			files = (
				7E65569F1FAED22200DDE709 /* TLSurveyJLRoutesTests.m in Sources */,
			);
			runOnlyForDeploymentPostprocessing = 0;
		};
		7E6556A11FAED22200DDE709 /* Sources */ = {
			isa = PBXSourcesBuildPhase;
			buildActionMask = 2147483647;
			files = (
				7E6556AA1FAED22200DDE709 /* TLSurveyJLRoutesUITests.m in Sources */,
			);
			runOnlyForDeploymentPostprocessing = 0;
		};
/* End PBXSourcesBuildPhase section */

/* Begin PBXTargetDependency section */
		7E65569C1FAED22200DDE709 /* PBXTargetDependency */ = {
			isa = PBXTargetDependency;
			target = 7E6556811FAED22100DDE709 /* TLSurveyJLRoutes */;
			targetProxy = 7E65569B1FAED22200DDE709 /* PBXContainerItemProxy */;
		};
		7E6556A71FAED22200DDE709 /* PBXTargetDependency */ = {
			isa = PBXTargetDependency;
			target = 7E6556811FAED22100DDE709 /* TLSurveyJLRoutes */;
			targetProxy = 7E6556A61FAED22200DDE709 /* PBXContainerItemProxy */;
		};
/* End PBXTargetDependency section */

/* Begin PBXVariantGroup section */
		7E6556901FAED22100DDE709 /* LaunchScreen.storyboard */ = {
			isa = PBXVariantGroup;
			children = (
				7E6556911FAED22100DDE709 /* Base */,
			);
			name = LaunchScreen.storyboard;
			sourceTree = "<group>";
		};
/* End PBXVariantGroup section */

/* Begin XCBuildConfiguration section */
		7E6556AC1FAED22200DDE709 /* Debug */ = {
			isa = XCBuildConfiguration;
			buildSettings = {
				ALWAYS_SEARCH_USER_PATHS = NO;
				CLANG_ANALYZER_NONNULL = YES;
				CLANG_ANALYZER_NUMBER_OBJECT_CONVERSION = YES_AGGRESSIVE;
				CLANG_CXX_LANGUAGE_STANDARD = "gnu++14";
				CLANG_CXX_LIBRARY = "libc++";
				CLANG_ENABLE_MODULES = YES;
				CLANG_ENABLE_OBJC_ARC = YES;
				CLANG_WARN_BLOCK_CAPTURE_AUTORELEASING = YES;
				CLANG_WARN_BOOL_CONVERSION = YES;
				CLANG_WARN_COMMA = YES;
				CLANG_WARN_CONSTANT_CONVERSION = YES;
				CLANG_WARN_DIRECT_OBJC_ISA_USAGE = YES_ERROR;
				CLANG_WARN_DOCUMENTATION_COMMENTS = YES;
				CLANG_WARN_EMPTY_BODY = YES;
				CLANG_WARN_ENUM_CONVERSION = YES;
				CLANG_WARN_INFINITE_RECURSION = YES;
				CLANG_WARN_INT_CONVERSION = YES;
				CLANG_WARN_NON_LITERAL_NULL_CONVERSION = YES;
				CLANG_WARN_OBJC_LITERAL_CONVERSION = YES;
				CLANG_WARN_OBJC_ROOT_CLASS = YES_ERROR;
				CLANG_WARN_RANGE_LOOP_ANALYSIS = YES;
				CLANG_WARN_STRICT_PROTOTYPES = YES;
				CLANG_WARN_SUSPICIOUS_MOVE = YES;
				CLANG_WARN_UNGUARDED_AVAILABILITY = YES_AGGRESSIVE;
				CLANG_WARN_UNREACHABLE_CODE = YES;
				CLANG_WARN__DUPLICATE_METHOD_MATCH = YES;
				CODE_SIGN_IDENTITY = "iPhone Developer";
				COPY_PHASE_STRIP = NO;
				DEBUG_INFORMATION_FORMAT = dwarf;
				ENABLE_STRICT_OBJC_MSGSEND = YES;
				ENABLE_TESTABILITY = YES;
				GCC_C_LANGUAGE_STANDARD = gnu11;
				GCC_DYNAMIC_NO_PIC = NO;
				GCC_NO_COMMON_BLOCKS = YES;
				GCC_OPTIMIZATION_LEVEL = 0;
				GCC_PREPROCESSOR_DEFINITIONS = (
					"DEBUG=1",
					"$(inherited)",
				);
				GCC_WARN_64_TO_32_BIT_CONVERSION = YES;
				GCC_WARN_ABOUT_RETURN_TYPE = YES_ERROR;
				GCC_WARN_UNDECLARED_SELECTOR = YES;
				GCC_WARN_UNINITIALIZED_AUTOS = YES_AGGRESSIVE;
				GCC_WARN_UNUSED_FUNCTION = YES;
				GCC_WARN_UNUSED_VARIABLE = YES;
				IPHONEOS_DEPLOYMENT_TARGET = 11.0;
				MTL_ENABLE_DEBUG_INFO = YES;
				ONLY_ACTIVE_ARCH = YES;
				SDKROOT = iphoneos;
			};
			name = Debug;
		};
		7E6556AD1FAED22200DDE709 /* Release */ = {
			isa = XCBuildConfiguration;
			buildSettings = {
				ALWAYS_SEARCH_USER_PATHS = NO;
				CLANG_ANALYZER_NONNULL = YES;
				CLANG_ANALYZER_NUMBER_OBJECT_CONVERSION = YES_AGGRESSIVE;
				CLANG_CXX_LANGUAGE_STANDARD = "gnu++14";
				CLANG_CXX_LIBRARY = "libc++";
				CLANG_ENABLE_MODULES = YES;
				CLANG_ENABLE_OBJC_ARC = YES;
				CLANG_WARN_BLOCK_CAPTURE_AUTORELEASING = YES;
				CLANG_WARN_BOOL_CONVERSION = YES;
				CLANG_WARN_COMMA = YES;
				CLANG_WARN_CONSTANT_CONVERSION = YES;
				CLANG_WARN_DIRECT_OBJC_ISA_USAGE = YES_ERROR;
				CLANG_WARN_DOCUMENTATION_COMMENTS = YES;
				CLANG_WARN_EMPTY_BODY = YES;
				CLANG_WARN_ENUM_CONVERSION = YES;
				CLANG_WARN_INFINITE_RECURSION = YES;
				CLANG_WARN_INT_CONVERSION = YES;
				CLANG_WARN_NON_LITERAL_NULL_CONVERSION = YES;
				CLANG_WARN_OBJC_LITERAL_CONVERSION = YES;
				CLANG_WARN_OBJC_ROOT_CLASS = YES_ERROR;
				CLANG_WARN_RANGE_LOOP_ANALYSIS = YES;
				CLANG_WARN_STRICT_PROTOTYPES = YES;
				CLANG_WARN_SUSPICIOUS_MOVE = YES;
				CLANG_WARN_UNGUARDED_AVAILABILITY = YES_AGGRESSIVE;
				CLANG_WARN_UNREACHABLE_CODE = YES;
				CLANG_WARN__DUPLICATE_METHOD_MATCH = YES;
				CODE_SIGN_IDENTITY = "iPhone Developer";
				COPY_PHASE_STRIP = NO;
				DEBUG_INFORMATION_FORMAT = "dwarf-with-dsym";
				ENABLE_NS_ASSERTIONS = NO;
				ENABLE_STRICT_OBJC_MSGSEND = YES;
				GCC_C_LANGUAGE_STANDARD = gnu11;
				GCC_NO_COMMON_BLOCKS = YES;
				GCC_WARN_64_TO_32_BIT_CONVERSION = YES;
				GCC_WARN_ABOUT_RETURN_TYPE = YES_ERROR;
				GCC_WARN_UNDECLARED_SELECTOR = YES;
				GCC_WARN_UNINITIALIZED_AUTOS = YES_AGGRESSIVE;
				GCC_WARN_UNUSED_FUNCTION = YES;
				GCC_WARN_UNUSED_VARIABLE = YES;
				IPHONEOS_DEPLOYMENT_TARGET = 11.0;
				MTL_ENABLE_DEBUG_INFO = NO;
				SDKROOT = iphoneos;
				VALIDATE_PRODUCT = YES;
			};
			name = Release;
		};
		7E6556AF1FAED22200DDE709 /* Debug */ = {
			isa = XCBuildConfiguration;
			baseConfigurationReference = 6E5B286CE592C5E368EEAC3B /* Pods-TLSurveyJLRoutes.debug.xcconfig */;
			buildSettings = {
				ASSETCATALOG_COMPILER_APPICON_NAME = AppIcon;
				CODE_SIGN_STYLE = Automatic;
				GCC_PRECOMPILE_PREFIX_HEADER = YES;
				GCC_PREFIX_HEADER = "$(SRCROOT)/TLSurveyJLRoutes/TLPrefix/TLSurveyJLRoutes-Prefix.pch";
				INFOPLIST_FILE = TLSurveyJLRoutes/Application/Info.plist;
				LD_RUNPATH_SEARCH_PATHS = "$(inherited) @executable_path/Frameworks";
				PRODUCT_BUNDLE_IDENTIFIER = com.leecj.TLSurveyJLRoutes;
				PRODUCT_NAME = "$(TARGET_NAME)";
				TARGETED_DEVICE_FAMILY = "1,2";
			};
			name = Debug;
		};
		7E6556B01FAED22200DDE709 /* Release */ = {
			isa = XCBuildConfiguration;
			baseConfigurationReference = 78D38AF50E381D9A10C6AB36 /* Pods-TLSurveyJLRoutes.release.xcconfig */;
			buildSettings = {
				ASSETCATALOG_COMPILER_APPICON_NAME = AppIcon;
				CODE_SIGN_STYLE = Automatic;
				GCC_PRECOMPILE_PREFIX_HEADER = YES;
				GCC_PREFIX_HEADER = "$(SRCROOT)/TLSurveyJLRoutes/TLPrefix/TLSurveyJLRoutes-Prefix.pch";
				INFOPLIST_FILE = TLSurveyJLRoutes/Application/Info.plist;
				LD_RUNPATH_SEARCH_PATHS = "$(inherited) @executable_path/Frameworks";
				PRODUCT_BUNDLE_IDENTIFIER = com.leecj.TLSurveyJLRoutes;
				PRODUCT_NAME = "$(TARGET_NAME)";
				TARGETED_DEVICE_FAMILY = "1,2";
			};
			name = Release;
		};
		7E6556B21FAED22200DDE709 /* Debug */ = {
			isa = XCBuildConfiguration;
			buildSettings = {
				BUNDLE_LOADER = "$(TEST_HOST)";
				CODE_SIGN_STYLE = Automatic;
				INFOPLIST_FILE = TLSurveyJLRoutesTests/Info.plist;
				LD_RUNPATH_SEARCH_PATHS = "$(inherited) @executable_path/Frameworks @loader_path/Frameworks";
				PRODUCT_BUNDLE_IDENTIFIER = com.leecj.TLSurveyJLRoutesTests;
				PRODUCT_NAME = "$(TARGET_NAME)";
				TARGETED_DEVICE_FAMILY = "1,2";
				TEST_HOST = "$(BUILT_PRODUCTS_DIR)/TLSurveyJLRoutes.app/TLSurveyJLRoutes";
			};
			name = Debug;
		};
		7E6556B31FAED22200DDE709 /* Release */ = {
			isa = XCBuildConfiguration;
			buildSettings = {
				BUNDLE_LOADER = "$(TEST_HOST)";
				CODE_SIGN_STYLE = Automatic;
				INFOPLIST_FILE = TLSurveyJLRoutesTests/Info.plist;
				LD_RUNPATH_SEARCH_PATHS = "$(inherited) @executable_path/Frameworks @loader_path/Frameworks";
				PRODUCT_BUNDLE_IDENTIFIER = com.leecj.TLSurveyJLRoutesTests;
				PRODUCT_NAME = "$(TARGET_NAME)";
				TARGETED_DEVICE_FAMILY = "1,2";
				TEST_HOST = "$(BUILT_PRODUCTS_DIR)/TLSurveyJLRoutes.app/TLSurveyJLRoutes";
			};
			name = Release;
		};
		7E6556B51FAED22200DDE709 /* Debug */ = {
			isa = XCBuildConfiguration;
			buildSettings = {
				CODE_SIGN_STYLE = Automatic;
				INFOPLIST_FILE = TLSurveyJLRoutesUITests/Info.plist;
				LD_RUNPATH_SEARCH_PATHS = "$(inherited) @executable_path/Frameworks @loader_path/Frameworks";
				PRODUCT_BUNDLE_IDENTIFIER = com.leecj.TLSurveyJLRoutesUITests;
				PRODUCT_NAME = "$(TARGET_NAME)";
				TARGETED_DEVICE_FAMILY = "1,2";
				TEST_TARGET_NAME = TLSurveyJLRoutes;
			};
			name = Debug;
		};
		7E6556B61FAED22200DDE709 /* Release */ = {
			isa = XCBuildConfiguration;
			buildSettings = {
				CODE_SIGN_STYLE = Automatic;
				INFOPLIST_FILE = TLSurveyJLRoutesUITests/Info.plist;
				LD_RUNPATH_SEARCH_PATHS = "$(inherited) @executable_path/Frameworks @loader_path/Frameworks";
				PRODUCT_BUNDLE_IDENTIFIER = com.leecj.TLSurveyJLRoutesUITests;
				PRODUCT_NAME = "$(TARGET_NAME)";
				TARGETED_DEVICE_FAMILY = "1,2";
				TEST_TARGET_NAME = TLSurveyJLRoutes;
			};
			name = Release;
		};
/* End XCBuildConfiguration section */

/* Begin XCConfigurationList section */
		7E65567D1FAED22100DDE709 /* Build configuration list for PBXProject "TLSurveyJLRoutes" */ = {
			isa = XCConfigurationList;
			buildConfigurations = (
				7E6556AC1FAED22200DDE709 /* Debug */,
				7E6556AD1FAED22200DDE709 /* Release */,
			);
			defaultConfigurationIsVisible = 0;
			defaultConfigurationName = Release;
		};
		7E6556AE1FAED22200DDE709 /* Build configuration list for PBXNativeTarget "TLSurveyJLRoutes" */ = {
			isa = XCConfigurationList;
			buildConfigurations = (
				7E6556AF1FAED22200DDE709 /* Debug */,
				7E6556B01FAED22200DDE709 /* Release */,
			);
			defaultConfigurationIsVisible = 0;
			defaultConfigurationName = Release;
		};
		7E6556B11FAED22200DDE709 /* Build configuration list for PBXNativeTarget "TLSurveyJLRoutesTests" */ = {
			isa = XCConfigurationList;
			buildConfigurations = (
				7E6556B21FAED22200DDE709 /* Debug */,
				7E6556B31FAED22200DDE709 /* Release */,
			);
			defaultConfigurationIsVisible = 0;
			defaultConfigurationName = Release;
		};
		7E6556B41FAED22200DDE709 /* Build configuration list for PBXNativeTarget "TLSurveyJLRoutesUITests" */ = {
			isa = XCConfigurationList;
			buildConfigurations = (
				7E6556B51FAED22200DDE709 /* Debug */,
				7E6556B61FAED22200DDE709 /* Release */,
			);
			defaultConfigurationIsVisible = 0;
			defaultConfigurationName = Release;
		};
/* End XCConfigurationList section */
	};
	rootObject = 7E65567A1FAED22100DDE709 /* Project object */;
}
